{
  "name": "h2-scaffold",
  "version": "2026.4.6",
  "lockfileVersion": 3,
  "requires": true,
  "packages": {
    "": {
      "name": "h2-scaffold",
      "version": "2026.4.6",
      "dependencies": {
        "@shopify/hydrogen": "2026.4.5",
        "graphql": "^16.10.0",
        "graphql-tag": "^2.12.6",
        "isbot": "^5.1.22",
        "react": "^18.3.1",
        "react-dom": "^18.3.1",
        "react-router": "7.16.0",
        "react-router-dom": "7.16.0"
      },
      "devDependencies": {
        "@eslint/compat": "^1.2.5",
        "@eslint/eslintrc": "^3.2.0",
        "@eslint/js": "^9.18.0",
        "@graphql-codegen/cli": "5.0.2",
        "@react-router/dev": "7.16.0",
        "@react-router/fs-routes": "7.16.0",
        "@shopify/cli": "3.93.2",
        "@shopify/hydrogen-codegen": "0.3.3",
        "@shopify/mini-oxygen": "4.2.2",
        "@shopify/oxygen-workers-types": "^4.1.6",
        "@shopify/prettier-config": "^1.1.2",
        "@total-typescript/ts-reset": "^0.6.1",
        "@types/eslint": "^9.6.1",
        "@types/react": "^18.3.28",
        "@types/react-dom": "^18.3.7",
        "@typescript-eslint/eslint-plugin": "^8.21.0",
        "@typescript-eslint/parser": "^8.21.0",
        "eslint": "^9.18.0",
        "eslint-config-prettier": "^10.0.1",
        "eslint-import-resolver-typescript": "^3.7.0",
        "eslint-plugin-eslint-comments": "^3.2.0",
        "eslint-plugin-import": "^2.31.0",
        "eslint-plugin-jest": "^28.11.0",
        "eslint-plugin-jsx-a11y": "^6.10.2",
        "eslint-plugin-react": "^7.37.4",
        "eslint-plugin-react-hooks": "^5.1.0",
        "globals": "^15.14.0",
        "graphql-config": "^5.0.3",
        "prettier": "^3.4.2",
        "typescript": "^5.9.2",
        "vite": "^8.0.1"
      },
      "engines": {
        "node": "^22 || ^24"
      }
    },
    "node_modules/@ardatan/relay-compiler": {
      "version": "13.0.2",
      "resolved": "https://registry.npmjs.org/@ardatan/relay-compiler/-/relay-compiler-13.0.2.tgz",
      "integrity": "sha512-VFpv9UP820SiwDUPYtq7PmD3jifzZlevkQ26bhbSzFeruSTys0eHzQCZyKg+IhgmZzwPI9AFjPe26ABNjGeIKg==",
      "dev": true,
      "license": "MIT",
      "dependencies": {
        "@babel/runtime": "^8.0.0",
        "immutable": "^5.1.9",
        "invariant": "^2.2.4"
      },
      "peerDependencies": {
        "graphql": "*"
      }
    },
    "node_modules/@ast-grep/napi": {
      "version": "0.33.0",
      "resolved": "https://registry.npmjs.org/@ast-grep/napi/-/napi-0.33.0.tgz",
      "integrity": "sha512-6heRMmomhSD0dkummRQ+R4xWXXmc41OaDPoPI49mKJXPyvwJPdPZUcQjXdIitOVL4uJV+qM2ZBucDPENDBSixw==",
      "dev": true,
      "license": "MIT",
      "engines": {
        "node": ">= 10"
      },
      "optionalDependencies": {
        "@ast-grep/napi-darwin-arm64": "0.33.0",
        "@ast-grep/napi-darwin-x64": "0.33.0",
        "@ast-grep/napi-linux-arm64-gnu": "0.33.0",
        "@ast-grep/napi-linux-arm64-musl": "0.33.0",
        "@ast-grep/napi-linux-x64-gnu": "0.33.0",
        "@ast-grep/napi-linux-x64-musl": "0.33.0",
        "@ast-grep/napi-win32-arm64-msvc": "0.33.0",
        "@ast-grep/napi-win32-ia32-msvc": "0.33.0",
        "@ast-grep/napi-win32-x64-msvc": "0.33.0"
      }
    },
    "node_modules/@ast-grep/napi-darwin-arm64": {
      "version": "0.33.0",
      "resolved": "https://registry.npmjs.org/@ast-grep/napi-darwin-arm64/-/napi-darwin-arm64-0.33.0.tgz",
      "integrity": "sha512-FsBQiBNGbqeU6z2sjFgnV6MXuBa0wYUb4PViMnqsKLeWiO7kRii5crmXLCtdTD2hufXTG6Rll8X46AkYOAwGGQ==",
      "cpu": [
        "arm64"
      ],
      "dev": true,
      "license": "MIT",
      "optional": true,
      "os": [
        "darwin"
      ],
      "engines": {
        "node": ">= 10"
      }
    },
    "node_modules/@ast-grep/napi-darwin-x64": {
      "version": "0.33.0",
      "resolved": "https://registry.npmjs.org/@ast-grep/napi-darwin-x64/-/napi-darwin-x64-0.33.0.tgz",
      "integrity": "sha512-rWo1wG7fc7K20z9ExIeN6U4QqjHhoQSpBDDnmxKTR0nIwPfyMq338sS4sWZomutxprcZDtWrekxH1lXjNvfuiA==",
      "cpu": [
        "x64"
      ],
      "dev": true,
      "license": "MIT",
      "optional": true,
      "os": [
        "darwin"
      ],
      "engines": {
        "node": ">= 10"
      }
    },
    "node_modules/@ast-grep/napi-linux-arm64-gnu": {
      "version": "0.33.0",
      "resolved": "https://registry.npmjs.org/@ast-grep/napi-linux-arm64-gnu/-/napi-linux-arm64-gnu-0.33.0.tgz",
      "integrity": "sha512-3ZnA2k57kxfvLg4s9+6rHaCx1FbWt0EF8fumJMf5nwevu7GbVOOhCkzAetZe80FBgZuIOSR4IS2QMj9ZHI0UdQ==",
      "cpu": [
        "arm64"
      ],
      "dev": true,
      "license": "MIT",
      "optional": true,
      "os": [
        "linux"
      ],
      "engines": {
        "node": ">= 10"
      }
    },
    "node_modules/@ast-grep/napi-linux-arm64-musl": {
      "version": "0.33.0",
      "resolved": "https://registry.npmjs.org/@ast-grep/napi-linux-arm64-musl/-/napi-linux-arm64-musl-0.33.0.tgz",
      "integrity": "sha512-oUGZgCaVCijFgvC+X52ttgoWUqgrIsSVJZgn+1VBY3n4mpzcoYAghFomSUbRTBUL2ebvZweA33Klqks4okY61w==",
      "cpu": [
        "arm64"
      ],
      "dev": true,
      "license": "MIT",
      "optional": true,
      "os": [
        "linux"
      ],
      "engines": {
        "node": ">= 10"
      }
    },
    "node_modules/@ast-grep/napi-linux-x64-gnu": {
      "version": "0.33.0",
      "resolved": "https://registry.npmjs.org/@ast-grep/napi-linux-x64-gnu/-/napi-linux-x64-gnu-0.33.0.tgz",
      "integrity": "sha512-QTAkfxQSsOGRza0hnkeAgJDQqR00iDerRNq42dOGIzgF+Kse491By3UmBEMG4oCbv17yYcBBlknQkzKSKtigjw==",
      "cpu": [
        "x64"
      ],
      "dev": true,
      "license": "MIT",
      "optional": true,
      "os": [
        "linux"
      ],
      "engines": {
        "node": ">= 10"
      }
    },
    "node_modules/@ast-grep/napi-linux-x64-musl": {
      "version": "0.33.0",
      "resolved": "https://registry.npmjs.org/@ast-grep/napi-linux-x64-musl/-/napi-linux-x64-musl-0.33.0.tgz",
      "integrity": "sha512-PW6bZO7MyQsBNZv0idI/Ah6ak66T8LqZ21wBGjtQp9NDGViOtkLeu+eJJGaZjMqUdidKHKgmMKXksZHl2m8ulQ==",
      "cpu": [
        "x64"
      ],
      "dev": true,
      "license": "MIT",
      "optional": true,
      "os": [
        "linux"
      ],
      "engines": {
        "node": ">= 10"
      }
    },
    "node_modules/@ast-grep/napi-win32-arm64-msvc": {
      "version": "0.33.0",
      "resolved": "https://registry.npmjs.org/@ast-grep/napi-win32-arm64-msvc/-/napi-win32-arm64-msvc-0.33.0.tgz",
      "integrity": "sha512-ijmFQcFc32JOIQlSfnhDJpb3qFb2RhrRqfeY0EHHN1xRSGwZHfsHTSS66nKR2sREmxTIMgxXOtylKicbyyMVKA==",
      "cpu": [
        "arm64"
      ],
      "dev": true,
      "license": "MIT",
      "optional": true,
      "os": [
        "win32"
      ],
      "engines": {
        "node": ">= 10"
      }
    },
    "node_modules/@ast-grep/napi-win32-ia32-msvc": {
      "version": "0.33.0",
      "resolved": "https://registry.npmjs.org/@ast-grep/napi-win32-ia32-msvc/-/napi-win32-ia32-msvc-0.33.0.tgz",
      "integrity": "sha512-NNIb2VK3Z2BwKp0QJSw8gkhwOUp85SgTsxJ38p+wIUAA/KzAKCJOmyOaZ301qGHt4gL+jTHgTIvJJX+9eT/REg==",
      "cpu": [
        "ia32"
      ],
      "dev": true,
      "license": "MIT",
      "optional": true,
      "os": [
        "win32"
      ],
      "engines": {
        "node": ">= 10"
      }
    },
    "node_modules/@ast-grep/napi-win32-x64-msvc": {
      "version": "0.33.0",
      "resolved": "https://registry.npmjs.org/@ast-grep/napi-win32-x64-msvc/-/napi-win32-x64-msvc-0.33.0.tgz",
      "integrity": "sha512-gW7viQQjdPA1HoCkpCqoonC81TOwcpP828w/XqZFE/L6uhD8SF2usul8KNBQOiX3O7/fqYEOnbtWMCrwZIqG1Q==",
      "cpu": [
        "x64"
      ],
      "dev": true,
      "license": "MIT",
      "optional": true,
      "os": [
        "win32"
      ],
      "engines": {
        "node": ">= 10"
      }
    },
    "node_modules/@babel/code-frame": {
      "version": "7.29.7",
      "resolved": "https://registry.npmjs.org/@babel/code-frame/-/code-frame-7.29.7.tgz",
      "integrity": "sha512-Aup7aUOfpbAUg2ROOJN6Iw5f9DMBlzu0mIkm/malLQFN/YQgO48wCj0Kxa3sEHJvPVFg7siR+qRInwXd2qhQKw==",
      "license": "MIT",
      "dependencies": {
        "@babel/helper-validator-identifier": "^7.29.7",
        "js-tokens": "^4.0.0",
        "picocolors": "^1.1.1"
      },
      "engines": {
        "node": ">=6.9.0"
      }
    },
    "node_modules/@babel/compat-data": {
      "version": "7.29.7",
      "resolved": "https://registry.npmjs.org/@babel/compat-data/-/compat-data-7.29.7.tgz",
      "integrity": "sha512-locTkQyKvwIEgBzVrn8693ebc97F2U8ZHjbXwDXJ5Fn2TCpNwTlKcaKLkdHop5c/icOFE7qt7Q9JC5hnKNa6Gg==",
      "license": "MIT",
      "engines": {
        "node": ">=6.9.0"
      }
    },
    "node_modules/@babel/core": {
      "version": "7.29.7",
      "resolved": "https://registry.npmjs.org/@babel/core/-/core-7.29.7.tgz",
      "integrity": "sha512-RgHBCvtjbOK2gXSNBNIkNoEc9qoVEtau3hj8gEqKQuL3HZAibKarWFEI3Lfm6EYKkLalOh8eSrj9b+ch9H/VBA==",
      "license": "MIT",
      "dependencies": {
        "@babel/code-frame": "^7.29.7",
        "@babel/generator": "^7.29.7",
        "@babel/helper-compilation-targets": "^7.29.7",
        "@babel/helper-module-transforms": "^7.29.7",
        "@babel/helpers": "^7.29.7",
        "@babel/parser": "^7.29.7",
        "@babel/template": "^7.29.7",
        "@babel/traverse": "^7.29.7",
        "@babel/types": "^7.29.7",
        "@jridgewell/remapping": "^2.3.5",
        "convert-source-map": "^2.0.0",
        "debug": "^4.1.0",
        "gensync": "^1.0.0-beta.2",
        "json5": "^2.2.3",
        "semver": "^6.3.1"
      },
      "engines": {
        "node": ">=6.9.0"
      },
      "funding": {
        "type": "opencollective",
        "url": "https://opencollective.com/babel"
      }
    },
    "node_modules/@babel/generator": {
      "version": "7.29.8",
      "resolved": "https://registry.npmjs.org/@babel/generator/-/generator-7.29.8.tgz",
      "integrity": "sha512-gZbepsdh3WDtgZKWL+vTPh71LSBrm/Y4/QDZBVCcYfmeTEEuoOYwlSy+